
Microsoft Visual Studio Solution File, Format Version 12.00
# Visual Studio Version 17
VisualStudioVersion = 17.14.36717.8 d17.14
MinimumVisualStudioVersion = 10.0.40219.1
Project("{FAE04EC0-301F-11D3-BF4B-00C04F79EFBC}") = "SistemaNotasAlunos", "SistemaNotasAlunos.csproj", "{FE805A39-5DC6-4C38-8A4D-62C430EA91D7}"
EndProject
Global
	GlobalSection(SolutionConfigurationPlatforms) = preSolution
		Debug|Any CPU = Debug|Any CPU
		Release|Any CPU = Release|Any CPU
	EndGlobalSection
	GlobalSection(ProjectConfigurationPlatforms) = postSolution
		{FE805A39-5DC6-4C38-8A4D-62C430EA91D7}.Debug|Any CPU.ActiveCfg = Debug|Any CPU
		{FE805A39-5DC6-4C38-8A4D-62C430EA91D7}.Debug|Any CPU.Build.0 = Debug|Any CPU
		{FE805A39-5DC6-4C38-8A4D-62C430EA91D7}.Release|Any CPU.ActiveCfg = Release|Any CPU
		{FE805A39-5DC6-4C38-8A4D-62C430EA91D7}.Release|Any CPU.Build.0 = Release|Any CPU
	EndGlobalSection
	GlobalSection(SolutionProperties) = preSolution
		HideSolutionNode = FALSE
	EndGlobalSection
	GlobalSection(ExtensibilityGlobals) = postSolution
		SolutionGuid = {A52AAE8F-6B27-4BC1-A430-8F5358F1D1CE}
	EndGlobalSection
EndGlobal
